
Microsoft Visual Studio Solution File, Format Version 12.00
# Visual Studio Version 17
VisualStudioVersion = 17.5.33530.505
MinimumVisualStudioVersion = 10.0.40219.1
Project("{FAE04EC0-301F-11D3-BF4B-00C04F79EFBC}") = "formproje02", "formproje02.csproj", "{8CB1F1AA-0D7A-40CA-8540-A8B46B098EF9}"
EndProject
Global
	GlobalSection(SolutionConfigurationPlatforms) = preSolution
		Debug|Any CPU = Debug|Any CPU
		Release|Any CPU = Release|Any CPU
	EndGlobalSection
	GlobalSection(ProjectConfigurationPlatforms) = postSolution
		{8CB1F1AA-0D7A-40CA-8540-A8B46B098EF9}.Debug|Any CPU.ActiveCfg = Debug|Any CPU
		{8CB1F1AA-0D7A-40CA-8540-A8B46B098EF9}.Debug|Any CPU.Build.0 = Debug|Any CPU
		{8CB1F1AA-0D7A-40CA-8540-A8B46B098EF9}.Release|Any CPU.ActiveCfg = Release|Any CPU
		{8CB1F1AA-0D7A-40CA-8540-A8B46B098EF9}.Release|Any CPU.Build.0 = Release|Any CPU
	EndGlobalSection
	GlobalSection(SolutionProperties) = preSolution
		HideSolutionNode = FALSE
	EndGlobalSection
	GlobalSection(ExtensibilityGlobals) = postSolution
		SolutionGuid = {CBD4BD6F-F29A-49B0-9961-0F86E89F7421}
	EndGlobalSection
EndGlobal
